
Microsoft Visual Studio Solution File, Format Version 12.00
# Visual Studio Version 17
VisualStudioVersion = 17.5.002.0
MinimumVisualStudioVersion = 10.0.40219.1
Project("{2150E333-8FDC-42A3-9474-1A3956D46DE8}") = "prepare", "prepare", "{5EE49E93-D0FE-440E-BBCB-A0162FB0AD34}"
EndProject
Project("{9A19103F-16F7-4668-BE54-9A1E7A4F7556}") = "Learning02", "prepare\Learning02\Learning02.csproj", "{E7DB4A22-C15D-44F8-A37E-B9A0B1237E0F}"
EndProject
Project("{9A19103F-16F7-4668-BE54-9A1E7A4F7556}") = "Learning05", "prepare\Learning05\Learning05.csproj", "{4ED5A70F-0841-470B-BDE8-8A47B6FB751E}"
EndProject
Project("{9A19103F-16F7-4668-BE54-9A1E7A4F7556}") = "Learning04", "prepare\Learning04\Learning04.csproj", "{8D04B3BC-7671-4B4B-AB91-D36360075191}"
EndProject
Project("{9A19103F-16F7-4668-BE54-9A1E7A4F7556}") = "Learning03", "prepare\Learning03\Learning03.csproj", "{632948AC-9A72-4FFB-B1DF-D7298DAA9A22}"
EndProject
Project("{2150E333-8FDC-42A3-9474-1A3956D46DE8}") = "prove", "prove", "{7C12DCD0-CCBB-47F2-9B23-D1877BE28540}"
EndProject
Project("{9A19103F-16F7-4668-BE54-9A1E7A4F7556}") = "Develop03", "prove\Develop03\Develop03.csproj", "{E160D067-640E-40F6-88E7-10345C8E370B}"
EndProject
Project("{9A19103F-16F7-4668-BE54-9A1E7A4F7556}") = "Develop04", "prove\Develop04\Develop04.csproj", "{99C76503-4696-4C28-B94F-B2690F2D9B02}"
EndProject
Project("{9A19103F-16F7-4668-BE54-9A1E7A4F7556}") = "Develop05", "prove\Develop05\Develop05.csproj", "{E986819F-424A-46EA-A06F-2459BD3362A2}"
EndProject
Project("{9A19103F-16F7-4668-BE54-9A1E7A4F7556}") = "Develop02", "prove\Develop02\Develop02.csproj", "{800F33DD-D46E-458C-A2EB-736B8C86EAB1}"
EndProject
Project("{2150E333-8FDC-42A3-9474-1A3956D46DE8}") = "sandbox", "sandbox", "{21F86EB9-40E9-4F26-B2BA-299303FEC75B}"
EndProject
Project("{9A19103F-16F7-4668-BE54-9A1E7A4F7556}") = "Sandbox", "sandbox\Sandbox\Sandbox.csproj", "{4CBBCEA8-CEB3-4188-A189-D9395342BA82}"
EndProject
Project("{2150E333-8FDC-42A3-9474-1A3956D46DE8}") = "final", "final", "{9466D544-36D2-4E91-9FE1-30F44F32B89A}"
EndProject
Project("{9A19103F-16F7-4668-BE54-9A1E7A4F7556}") = "FinalProject", "final\FinalProject\FinalProject.csproj", "{92D401D6-A965-48F2-95B3-4D41F5E7DF94}"
EndProject
Project("{9A19103F-16F7-4668-BE54-9A1E7A4F7556}") = "Foundation1", "final\Foundation1\Foundation1.csproj", "{6CABBD81-E9D5-4506-B6FC-9EA44B57263B}"
EndProject
Project("{9A19103F-16F7-4668-BE54-9A1E7A4F7556}") = "Foundation4", "final\Foundation4\Foundation4.csproj", "{86EA6CFB-A3A2-4588-82FC-21E56335939C}"
EndProject
Project("{9A19103F-16F7-4668-BE54-9A1E7A4F7556}") = "Foundation3", "final\Foundation3\Foundation3.csproj", "{7251B6EB-6B6F-491B-8997-71DB8A3F6E9B}"
EndProject
Project("{9A19103F-16F7-4668-BE54-9A1E7A4F7556}") = "Foundation2", "final\Foundation2\Foundation2.csproj", "{E0B49BB3-6994-411D-8123-22352B919F69}"
EndProject
Project("{2150E333-8FDC-42A3-9474-1A3956D46DE8}") = "csharp-prep", "csharp-prep", "{8C63024D-A051-40E6-AF5E-6FE0AE558A75}"
EndProject
Project("{9A19103F-16F7-4668-BE54-9A1E7A4F7556}") = "Prep1", "csharp-prep\Prep1\Prep1.csproj", "{604D55C2-E0FC-4DBA-B8A4-50D692133E81}"
EndProject
Project("{9A19103F-16F7-4668-BE54-9A1E7A4F7556}") = "Prep5", "csharp-prep\Prep5\Prep5.csproj", "{BBBECA03-14FF-4BF2-938E-72C7C08AE52A}"
EndProject
Project("{9A19103F-16F7-4668-BE54-9A1E7A4F7556}") = "Prep2", "csharp-prep\Prep2\Prep2.csproj", "{A2B68ABA-C913-4A36-97CD-5BB88AEC5727}"
EndProject
Project("{9A19103F-16F7-4668-BE54-9A1E7A4F7556}") = "Prep3", "csharp-prep\Prep3\Prep3.csproj", "{7EE497DA-F9CD-4873-BC95-9AD9BAF4359F}"
EndProject
Project("{9A19103F-16F7-4668-BE54-9A1E7A4F7556}") = "Prep4", "csharp-prep\Prep4\Prep4.csproj", "{8BE9D062-D8E5-40FD-8797-AC384DB5641C}"
EndProject
Global
	GlobalSection(SolutionConfigurationPlatforms) = preSolution
		Debug|Any CPU = Debug|Any CPU
		Release|Any CPU = Release|Any CPU
	EndGlobalSection
	GlobalSection(ProjectConfigurationPlatforms) = postSolution
		{E7DB4A22-C15D-44F8-A37E-B9A0B1237E0F}.Debug|Any CPU.ActiveCfg = Debug|Any CPU
		{E7DB4A22-C15D-44F8-A37E-B9A0B1237E0F}.Debug|Any CPU.Build.0 = Debug|Any CPU
		{E7DB4A22-C15D-44F8-A37E-B9A0B1237E0F}.Release|Any CPU.ActiveCfg = Release|Any CPU
		{E7DB4A22-C15D-44F8-A37E-B9A0B1237E0F}.Release|Any CPU.Build.0 = Release|Any CPU
		{4ED5A70F-0841-470B-BDE8-8A47B6FB751E}.Debug|Any CPU.ActiveCfg = Debug|Any CPU
		{4ED5A70F-0841-470B-BDE8-8A47B6FB751E}.Debug|Any CPU.Build.0 = Debug|Any CPU
		{4ED5A70F-0841-470B-BDE8-8A47B6FB751E}.Release|Any CPU.ActiveCfg = Release|Any CPU
		{4ED5A70F-0841-470B-BDE8-8A47B6FB751E}.Release|Any CPU.Build.0 = Release|Any CPU
		{8D04B3BC-7671-4B4B-AB91-D36360075191}.Debug|Any CPU.ActiveCfg = Debug|Any CPU
		{8D04B3BC-7671-4B4B-AB91-D36360075191}.Debug|Any CPU.Build.0 = Debug|Any CPU
		{8D04B3BC-7671-4B4B-AB91-D36360075191}.Release|Any CPU.ActiveCfg = Release|Any CPU
		{8D04B3BC-7671-4B4B-AB91-D36360075191}.Release|Any CPU.Build.0 = Release|Any CPU
		{632948AC-9A72-4FFB-B1DF-D7298DAA9A22}.Debug|Any CPU.ActiveCfg = Debug|Any CPU
		{632948AC-9A72-4FFB-B1DF-D7298DAA9A22}.Debug|Any CPU.Build.0 = Debug|Any CPU
		{632948AC-9A72-4FFB-B1DF-D7298DAA9A22}.Release|Any CPU.ActiveCfg = Release|Any CPU
		{632948AC-9A72-4FFB-B1DF-D7298DAA9A22}.Release|Any CPU.Build.0 = Release|Any CPU
		{E160D067-640E-40F6-88E7-10345C8E370B}.Debug|Any CPU.ActiveCfg = Debug|Any CPU
		{E160D067-640E-40F6-88E7-10345C8E370B}.Debug|Any CPU.Build.0 = Debug|Any CPU
		{E160D067-640E-40F6-88E7-10345C8E370B}.Release|Any CPU.ActiveCfg = Release|Any CPU
		{E160D067-640E-40F6-88E7-10345C8E370B}.Release|Any CPU.Build.0 = Release|Any CPU
		{99C76503-4696-4C28-B94F-B2690F2D9B02}.Debug|Any CPU.ActiveCfg = Debug|Any CPU
		{99C76503-4696-4C28-B94F-B2690F2D9B02}.Debug|Any CPU.Build.0 = Debug|Any CPU
		{99C76503-4696-4C28-B94F-B2690F2D9B02}.Release|Any CPU.ActiveCfg = Release|Any CPU
		{99C76503-4696-4C28-B94F-B2690F2D9B02}.Release|Any CPU.Build.0 = Release|Any CPU
		{E986819F-424A-46EA-A06F-2459BD3362A2}.Debug|Any CPU.ActiveCfg = Debug|Any CPU
		{E986819F-424A-46EA-A06F-2459BD3362A2}.Debug|Any CPU.Build.0 = Debug|Any CPU
		{E986819F-424A-46EA-A06F-2459BD3362A2}.Release|Any CPU.ActiveCfg = Release|Any CPU
		{E986819F-424A-46EA-A06F-2459BD3362A2}.Release|Any CPU.Build.0 = Release|Any CPU
		{800F33DD-D46E-458C-A2EB-736B8C86EAB1}.Debug|Any CPU.ActiveCfg = Debug|Any CPU
		{800F33DD-D46E-458C-A2EB-736B8C86EAB1}.Debug|Any CPU.Build.0 = Debug|Any CPU
		{800F33DD-D46E-458C-A2EB-736B8C86EAB1}.Release|Any CPU.ActiveCfg = Release|Any CPU
		{800F33DD-D46E-458C-A2EB-736B8C86EAB1}.Release|Any CPU.Build.0 = Release|Any CPU
		{4CBBCEA8-CEB3-4188-A189-D9395342BA82}.Debug|Any CPU.ActiveCfg = Debug|Any CPU
		{4CBBCEA8-CEB3-4188-A189-D9395342BA82}.Debug|Any CPU.Build.0 = Debug|Any CPU
		{4CBBCEA8-CEB3-4188-A189-D9395342BA82}.Release|Any CPU.ActiveCfg = Release|Any CPU
		{4CBBCEA8-CEB3-4188-A189-D9395342BA82}.Release|Any CPU.Build.0 = Release|Any CPU
		{92D401D6-A965-48F2-95B3-4D41F5E7DF94}.Debug|Any CPU.ActiveCfg = Debug|Any CPU
		{92D401D6-A965-48F2-95B3-4D41F5E7DF94}.Debug|Any CPU.Build.0 = Debug|Any CPU
		{92D401D6-A965-48F2-95B3-4D41F5E7DF94}.Release|Any CPU.ActiveCfg = Release|Any CPU
		{92D401D6-A965-48F2-95B3-4D41F5E7DF94}.Release|Any CPU.Build.0 = Release|Any CPU
		{6CABBD81-E9D5-4506-B6FC-9EA44B57263B}.Debug|Any CPU.ActiveCfg = Debug|Any CPU
		{6CABBD81-E9D5-4506-B6FC-9EA44B57263B}.Debug|Any CPU.Build.0 = Debug|Any CPU
		{6CABBD81-E9D5-4506-B6FC-9EA44B57263B}.Release|Any CPU.ActiveCfg = Release|Any CPU
		{6CABBD81-E9D5-4506-B6FC-9EA44B57263B}.Release|Any CPU.Build.0 = Release|Any CPU
		{86EA6CFB-A3A2-4588-82FC-21E56335939C}.Debug|Any CPU.ActiveCfg = Debug|Any CPU
		{86EA6CFB-A3A2-4588-82FC-21E56335939C}.Debug|Any CPU.Build.0 = Debug|Any CPU
		{86EA6CFB-A3A2-4588-82FC-21E56335939C}.Release|Any CPU.ActiveCfg = Release|Any CPU
		{86EA6CFB-A3A2-4588-82FC-21E56335939C}.Release|Any CPU.Build.0 = Release|Any CPU
		{7251B6EB-6B6F-491B-8997-71DB8A3F6E9B}.Debug|Any CPU.ActiveCfg = Debug|Any CPU
		{7251B6EB-6B6F-491B-8997-71DB8A3F6E9B}.Debug|Any CPU.Build.0 = Debug|Any CPU
		{7251B6EB-6B6F-491B-8997-71DB8A3F6E9B}.Release|Any CPU.ActiveCfg = Release|Any CPU
		{7251B6EB-6B6F-491B-8997-71DB8A3F6E9B}.Release|Any CPU.Build.0 = Release|Any CPU
		{E0B49BB3-6994-411D-8123-22352B919F69}.Debug|Any CPU.ActiveCfg = Debug|Any CPU
		{E0B49BB3-6994-411D-8123-22352B919F69}.Debug|Any CPU.Build.0 = Debug|Any CPU
		{E0B49BB3-6994-411D-8123-22352B919F69}.Release|Any CPU.ActiveCfg = Release|Any CPU
		{E0B49BB3-6994-411D-8123-22352B919F69}.Release|Any CPU.Build.0 = Release|Any CPU
		{604D55C2-E0FC-4DBA-B8A4-50D692133E81}.Debug|Any CPU.ActiveCfg = Debug|Any CPU
		{604D55C2-E0FC-4DBA-B8A4-50D692133E81}.Debug|Any CPU.Build.0 = Debug|Any CPU
		{604D55C2-E0FC-4DBA-B8A4-50D692133E81}.Release|Any CPU.ActiveCfg = Release|Any CPU
		{604D55C2-E0FC-4DBA-B8A4-50D692133E81}.Release|Any CPU.Build.0 = Release|Any CPU
		{BBBECA03-14FF-4BF2-938E-72C7C08AE52A}.Debug|Any CPU.ActiveCfg = Debug|Any CPU
		{BBBECA03-14FF-4BF2-938E-72C7C08AE52A}.Debug|Any CPU.Build.0 = Debug|Any CPU
		{BBBECA03-14FF-4BF2-938E-72C7C08AE52A}.Release|Any CPU.ActiveCfg = Release|Any CPU
		{BBBECA03-14FF-4BF2-938E-72C7C08AE52A}.Release|Any CPU.Build.0 = Release|Any CPU
		{A2B68ABA-C913-4A36-97CD-5BB88AEC5727}.Debug|Any CPU.ActiveCfg = Debug|Any CPU
		{A2B68ABA-C913-4A36-97CD-5BB88AEC5727}.Debug|Any CPU.Build.0 = Debug|Any CPU
		{A2B68ABA-C913-4A36-97CD-5BB88AEC5727}.Release|Any CPU.ActiveCfg = Release|Any CPU
		{A2B68ABA-C913-4A36-97CD-5BB88AEC5727}.Release|Any CPU.Build.0 = Release|Any CPU
		{7EE497DA-F9CD-4873-BC95-9AD9BAF4359F}.Debug|Any CPU.ActiveCfg = Debug|Any CPU
		{7EE497DA-F9CD-4873-BC95-9AD9BAF4359F}.Debug|Any CPU.Build.0 = Debug|Any CPU
		{7EE497DA-F9CD-4873-BC95-9AD9BAF4359F}.Release|Any CPU.ActiveCfg = Release|Any CPU
		{7EE497DA-F9CD-4873-BC95-9AD9BAF4359F}.Release|Any CPU.Build.0 = Release|Any CPU
		{8BE9D062-D8E5-40FD-8797-AC384DB5641C}.Debug|Any CPU.ActiveCfg = Debug|Any CPU
		{8BE9D062-D8E5-40FD-8797-AC384DB5641C}.Debug|Any CPU.Build.0 = Debug|Any CPU
		{8BE9D062-D8E5-40FD-8797-AC384DB5641C}.Release|Any CPU.ActiveCfg = Release|Any CPU
		{8BE9D062-D8E5-40FD-8797-AC384DB5641C}.Release|Any CPU.Build.0 = Release|Any CPU
	EndGlobalSection
	GlobalSection(SolutionProperties) = preSolution
		HideSolutionNode = FALSE
	EndGlobalSection
	GlobalSection(NestedProjects) = preSolution
		{E7DB4A22-C15D-44F8-A37E-B9A0B1237E0F} = {5EE49E93-D0FE-440E-BBCB-A0162FB0AD34}
		{4ED5A70F-0841-470B-BDE8-8A47B6FB751E} = {5EE49E93-D0FE-440E-BBCB-A0162FB0AD34}
		{8D04B3BC-7671-4B4B-AB91-D36360075191} = {5EE49E93-D0FE-440E-BBCB-A0162FB0AD34}
		{632948AC-9A72-4FFB-B1DF-D7298DAA9A22} = {5EE49E93-D0FE-440E-BBCB-A0162FB0AD34}
		{E160D067-640E-40F6-88E7-10345C8E370B} = {7C12DCD0-CCBB-47F2-9B23-D1877BE28540}
		{99C76503-4696-4C28-B94F-B2690F2D9B02} = {7C12DCD0-CCBB-47F2-9B23-D1877BE28540}
		{E986819F-424A-46EA-A06F-2459BD3362A2} = {7C12DCD0-CCBB-47F2-9B23-D1877BE28540}
		{800F33DD-D46E-458C-A2EB-736B8C86EAB1} = {7C12DCD0-CCBB-47F2-9B23-D1877BE28540}
		{4CBBCEA8-CEB3-4188-A189-D9395342BA82} = {21F86EB9-40E9-4F26-B2BA-299303FEC75B}
		{92D401D6-A965-48F2-95B3-4D41F5E7DF94} = {9466D544-36D2-4E91-9FE1-30F44F32B89A}
		{6CABBD81-E9D5-4506-B6FC-9EA44B57263B} = {9466D544-36D2-4E91-9FE1-30F44F32B89A}
		{86EA6CFB-A3A2-4588-82FC-21E56335939C} = {9466D544-36D2-4E91-9FE1-30F44F32B89A}
		{7251B6EB-6B6F-491B-8997-71DB8A3F6E9B} = {9466D544-36D2-4E91-9FE1-30F44F32B89A}
		{E0B49BB3-6994-411D-8123-22352B919F69} = {9466D544-36D2-4E91-9FE1-30F44F32B89A}
		{604D55C2-E0FC-4DBA-B8A4-50D692133E81} = {8C63024D-A051-40E6-AF5E-6FE0AE558A75}
		{BBBECA03-14FF-4BF2-938E-72C7C08AE52A} = {8C63024D-A051-40E6-AF5E-6FE0AE558A75}
		{A2B68ABA-C913-4A36-97CD-5BB88AEC5727} = {8C63024D-A051-40E6-AF5E-6FE0AE558A75}
		{7EE497DA-F9CD-4873-BC95-9AD9BAF4359F} = {8C63024D-A051-40E6-AF5E-6FE0AE558A75}
		{8BE9D062-D8E5-40FD-8797-AC384DB5641C} = {8C63024D-A051-40E6-AF5E-6FE0AE558A75}
	EndGlobalSection
	GlobalSection(ExtensibilityGlobals) = postSolution
		SolutionGuid = {1BD9DCE6-05BF-44F3-839C-FE321CEE68BA}
	EndGlobalSection
EndGlobal
